
Microsoft Visual Studio Solution File, Format Version 12.00
# Visual Studio Version 17
# THis is for the Visua Studio Version 17
VisualStudioVersion = 17.14.36811.4 d17.14
MinimumVisualStudioVersion = 10.0.40219.1
Project("{FAE04EC0-301F-11D3-BF4B-00C04F79EFBC}") = "StudentManagementMVC", "StudentManagementMVC\StudentManagementMVC.csproj", "{451B8D67-62CE-4221-B076-8018C2EFEF1F}"
EndProject
Global
	GlobalSection(SolutionConfigurationPlatforms) = preSolution
		Debug|Any CPU = Debug|Any CPU
		Release|Any CPU = Release|Any CPU
	EndGlobalSection
	GlobalSection(ProjectConfigurationPlatforms) = postSolution
		{451B8D67-62CE-4221-B076-8018C2EFEF1F}.Debug|Any CPU.ActiveCfg = Debug|Any CPU
		{451B8D67-62CE-4221-B076-8018C2EFEF1F}.Debug|Any CPU.Build.0 = Debug|Any CPU
		{451B8D67-62CE-4221-B076-8018C2EFEF1F}.Release|Any CPU.ActiveCfg = Release|Any CPU
		{451B8D67-62CE-4221-B076-8018C2EFEF1F}.Release|Any CPU.Build.0 = Release|Any CPU
	EndGlobalSection
	GlobalSection(SolutionProperties) = preSolution
		HideSolutionNode = FALSE
	EndGlobalSection
	GlobalSection(ExtensibilityGlobals) = postSolution
		SolutionGuid = {E346B7EE-6672-4889-AFD7-0BAC9C3EC294}
	EndGlobalSection
EndGlobal
